// !$*UTF8*$!
{
	archiveVersion = 1;
	classes = {
	};
	objectVersion = 77;
	objects = {

/* Begin PBXContainerItemProxy section */
		EF6E748B2D9DF3C2000952DD /* PBXContainerItemProxy */ = {
			isa = PBXContainerItemProxy;
			containerPortal = EF6E74712D9DF3C0000952DD /* Project object */;
			proxyType = 1;
			remoteGlobalIDString = EF6E74782D9DF3C0000952DD;
			remoteInfo = SimpleBonjourExample;
		};
		EF6E74952D9DF3C2000952DD /* PBXContainerItemProxy */ = {
			isa = PBXContainerItemProxy;
			containerPortal = EF6E74712D9DF3C0000952DD /* Project object */;
			proxyType = 1;
			remoteGlobalIDString = EF6E74782D9DF3C0000952DD;
			remoteInfo = SimpleBonjourExample;
		};
		EFF314922D9DF789007C74E4 /* PBXContainerItemProxy */ = {
			isa = PBXContainerItemProxy;
			containerPortal = EF6E74712D9DF3C0000952DD /* Project object */;
			proxyType = 1;
			remoteGlobalIDString = EFF314812D9DF786007C74E4;
			remoteInfo = iOSDiscoveryApp;
		};
		EFF3149C2D9DF789007C74E4 /* PBXContainerItemProxy */ = {
			isa = PBXContainerItemProxy;
			containerPortal = EF6E74712D9DF3C0000952DD /* Project object */;
			proxyType = 1;
			remoteGlobalIDString = EFF314812D9DF786007C74E4;
			remoteInfo = iOSDiscoveryApp;
		};
/* End PBXContainerItemProxy section */

/* Begin PBXFileReference section */
		EF6E74792D9DF3C0000952DD /* SimpleBonjourExample.app */ = {isa = PBXFileReference; explicitFileType = wrapper.application; includeInIndex = 0; path = SimpleBonjourExample.app; sourceTree = BUILT_PRODUCTS_DIR; };
		EF6E748A2D9DF3C2000952DD /* SimpleBonjourExampleTests.xctest */ = {isa = PBXFileReference; explicitFileType = wrapper.cfbundle; includeInIndex = 0; path = SimpleBonjourExampleTests.xctest; sourceTree = BUILT_PRODUCTS_DIR; };
		EF6E74942D9DF3C2000952DD /* SimpleBonjourExampleUITests.xctest */ = {isa = PBXFileReference; explicitFileType = wrapper.cfbundle; includeInIndex = 0; path = SimpleBonjourExampleUITests.xctest; sourceTree = BUILT_PRODUCTS_DIR; };
		EFF314822D9DF786007C74E4 /* iOSDiscoveryApp.app */ = {isa = PBXFileReference; explicitFileType = wrapper.application; includeInIndex = 0; path = iOSDiscoveryApp.app; sourceTree = BUILT_PRODUCTS_DIR; };
		EFF314912D9DF789007C74E4 /* iOSDiscoveryAppTests.xctest */ = {isa = PBXFileReference; explicitFileType = wrapper.cfbundle; includeInIndex = 0; path = iOSDiscoveryAppTests.xctest; sourceTree = BUILT_PRODUCTS_DIR; };
		EFF3149B2D9DF789007C74E4 /* iOSDiscoveryAppUITests.xctest */ = {isa = PBXFileReference; explicitFileType = wrapper.cfbundle; includeInIndex = 0; path = iOSDiscoveryAppUITests.xctest; sourceTree = BUILT_PRODUCTS_DIR; };
/* End PBXFileReference section */

/* Begin PBXFileSystemSynchronizedRootGroup section */
		EF6E747B2D9DF3C0000952DD /* SimpleBonjourExample */ = {
			isa = PBXFileSystemSynchronizedRootGroup;
			path = SimpleBonjourExample;
			sourceTree = "<group>";
		};
		EFF314832D9DF786007C74E4 /* iOSDiscoveryApp */ = {
			isa = PBXFileSystemSynchronizedRootGroup;
			path = iOSDiscoveryApp;
			sourceTree = "<group>";
		};
/* End PBXFileSystemSynchronizedRootGroup section */

/* Begin PBXFrameworksBuildPhase section */
		EF6E74762D9DF3C0000952DD /* Frameworks */ = {
			isa = PBXFrameworksBuildPhase;
			buildActionMask = 2147483647;
			files = (
			);
			runOnlyForDeploymentPostprocessing = 0;
		};
		EF6E74872D9DF3C2000952DD /* Frameworks */ = {
			isa = PBXFrameworksBuildPhase;
			buildActionMask = 2147483647;
			files = (
			);
			runOnlyForDeploymentPostprocessing = 0;
		};
		EF6E74912D9DF3C2000952DD /* Frameworks */ = {
			isa = PBXFrameworksBuildPhase;
			buildActionMask = 2147483647;
			files = (
			);
			runOnlyForDeploymentPostprocessing = 0;
		};
		EFF3147F2D9DF786007C74E4 /* Frameworks */ = {
			isa = PBXFrameworksBuildPhase;
			buildActionMask = 2147483647;
			files = (
			);
			runOnlyForDeploymentPostprocessing = 0;
		};
		EFF3148E2D9DF789007C74E4 /* Frameworks */ = {
			isa = PBXFrameworksBuildPhase;
			buildActionMask = 2147483647;
			files = (
			);
			runOnlyForDeploymentPostprocessing = 0;
		};
		EFF314982D9DF789007C74E4 /* Frameworks */ = {
			isa = PBXFrameworksBuildPhase;
			buildActionMask = 2147483647;
			files = (
			);
			runOnlyForDeploymentPostprocessing = 0;
		};
/* End PBXFrameworksBuildPhase section */

/* Begin PBXGroup section */
		EF6E74702D9DF3C0000952DD = {
			isa = PBXGroup;
			children = (
				EF6E747B2D9DF3C0000952DD /* SimpleBonjourExample */,
				EFF314832D9DF786007C74E4 /* iOSDiscoveryApp */,
				EF6E747A2D9DF3C0000952DD /* Products */,
			);
			sourceTree = "<group>";
		};
		EF6E747A2D9DF3C0000952DD /* Products */ = {
			isa = PBXGroup;
			children = (
				EF6E74792D9DF3C0000952DD /* SimpleBonjourExample.app */,
				EF6E748A2D9DF3C2000952DD /* SimpleBonjourExampleTests.xctest */,
				EF6E74942D9DF3C2000952DD /* SimpleBonjourExampleUITests.xctest */,
				EFF314822D9DF786007C74E4 /* iOSDiscoveryApp.app */,
				EFF314912D9DF789007C74E4 /* iOSDiscoveryAppTests.xctest */,
				EFF3149B2D9DF789007C74E4 /* iOSDiscoveryAppUITests.xctest */,
			);
			name = Products;
			sourceTree = "<group>";
		};
/* End PBXGroup section */

/* Begin PBXNativeTarget section */
		EF6E74782D9DF3C0000952DD /* SimpleBonjourExample */ = {
			isa = PBXNativeTarget;
			buildConfigurationList = EF6E749E2D9DF3C3000952DD /* Build configuration list for PBXNativeTarget "SimpleBonjourExample" */;
			buildPhases = (
				EF6E74752D9DF3C0000952DD /* Sources */,
				EF6E74762D9DF3C0000952DD /* Frameworks */,
				EF6E74772D9DF3C0000952DD /* Resources */,
			);
			buildRules = (
			);
			dependencies = (
			);
			fileSystemSynchronizedGroups = (
				EF6E747B2D9DF3C0000952DD /* SimpleBonjourExample */,
			);
			name = SimpleBonjourExample;
			packageProductDependencies = (
			);
			productName = SimpleBonjourExample;
			productReference = EF6E74792D9DF3C0000952DD /* SimpleBonjourExample.app */;
			productType = "com.apple.product-type.application";
		};
		EF6E74892D9DF3C2000952DD /* SimpleBonjourExampleTests */ = {
			isa = PBXNativeTarget;
			buildConfigurationList = EF6E74A12D9DF3C3000952DD /* Build configuration list for PBXNativeTarget "SimpleBonjourExampleTests" */;
			buildPhases = (
				EF6E74862D9DF3C2000952DD /* Sources */,
				EF6E74872D9DF3C2000952DD /* Frameworks */,
				EF6E74882D9DF3C2000952DD /* Resources */,
			);
			buildRules = (
			);
			dependencies = (
				EF6E748C2D9DF3C2000952DD /* PBXTargetDependency */,
			);
			name = SimpleBonjourExampleTests;
			packageProductDependencies = (
			);
			productName = SimpleBonjourExampleTests;
			productReference = EF6E748A2D9DF3C2000952DD /* SimpleBonjourExampleTests.xctest */;
			productType = "com.apple.product-type.bundle.unit-test";
		};
		EF6E74932D9DF3C2000952DD /* SimpleBonjourExampleUITests */ = {
			isa = PBXNativeTarget;
			buildConfigurationList = EF6E74A42D9DF3C3000952DD /* Build configuration list for PBXNativeTarget "SimpleBonjourExampleUITests" */;
			buildPhases = (
				EF6E74902D9DF3C2000952DD /* Sources */,
				EF6E74912D9DF3C2000952DD /* Frameworks */,
				EF6E74922D9DF3C2000952DD /* Resources */,
			);
			buildRules = (
			);
			dependencies = (
				EF6E74962D9DF3C2000952DD /* PBXTargetDependency */,
			);
			name = SimpleBonjourExampleUITests;
			packageProductDependencies = (
			);
			productName = SimpleBonjourExampleUITests;
			productReference = EF6E74942D9DF3C2000952DD /* SimpleBonjourExampleUITests.xctest */;
			productType = "com.apple.product-type.bundle.ui-testing";
		};
		EFF314812D9DF786007C74E4 /* iOSDiscoveryApp */ = {
			isa = PBXNativeTarget;
			buildConfigurationList = EFF314A32D9DF789007C74E4 /* Build configuration list for PBXNativeTarget "iOSDiscoveryApp" */;
			buildPhases = (
				EFF3147E2D9DF786007C74E4 /* Sources */,
				EFF3147F2D9DF786007C74E4 /* Frameworks */,
				EFF314802D9DF786007C74E4 /* Resources */,
			);
			buildRules = (
			);
			dependencies = (
			);
			fileSystemSynchronizedGroups = (
				EFF314832D9DF786007C74E4 /* iOSDiscoveryApp */,
			);
			name = iOSDiscoveryApp;
			packageProductDependencies = (
			);
			productName = iOSDiscoveryApp;
			productReference = EFF314822D9DF786007C74E4 /* iOSDiscoveryApp.app */;
			productType = "com.apple.product-type.application";
		};
		EFF314902D9DF789007C74E4 /* iOSDiscoveryAppTests */ = {
			isa = PBXNativeTarget;
			buildConfigurationList = EFF314A62D9DF789007C74E4 /* Build configuration list for PBXNativeTarget "iOSDiscoveryAppTests" */;
			buildPhases = (
				EFF3148D2D9DF789007C74E4 /* Sources */,
				EFF3148E2D9DF789007C74E4 /* Frameworks */,
				EFF3148F2D9DF789007C74E4 /* Resources */,
			);
			buildRules = (
			);
			dependencies = (
				EFF314932D9DF789007C74E4 /* PBXTargetDependency */,
			);
			name = iOSDiscoveryAppTests;
			packageProductDependencies = (
			);
			productName = iOSDiscoveryAppTests;
			productReference = EFF314912D9DF789007C74E4 /* iOSDiscoveryAppTests.xctest */;
			productType = "com.apple.product-type.bundle.unit-test";
		};
		EFF3149A2D9DF789007C74E4 /* iOSDiscoveryAppUITests */ = {
			isa = PBXNativeTarget;
			buildConfigurationList = EFF314A92D9DF789007C74E4 /* Build configuration list for PBXNativeTarget "iOSDiscoveryAppUITests" */;
			buildPhases = (
				EFF314972D9DF789007C74E4 /* Sources */,
				EFF314982D9DF789007C74E4 /* Frameworks */,
				EFF314992D9DF789007C74E4 /* Resources */,
			);
			buildRules = (
			);
			dependencies = (
				EFF3149D2D9DF789007C74E4 /* PBXTargetDependency */,
			);
			name = iOSDiscoveryAppUITests;
			packageProductDependencies = (
			);
			productName = iOSDiscoveryAppUITests;
			productReference = EFF3149B2D9DF789007C74E4 /* iOSDiscoveryAppUITests.xctest */;
			productType = "com.apple.product-type.bundle.ui-testing";
		};
/* End PBXNativeTarget section */

/* Begin PBXProject section */
		EF6E74712D9DF3C0000952DD /* Project object */ = {
			isa = PBXProject;
			attributes = {
				BuildIndependentTargetsInParallel = 1;
				LastSwiftUpdateCheck = 1620;
				LastUpgradeCheck = 1620;
				TargetAttributes = {
					EF6E74782D9DF3C0000952DD = {
						CreatedOnToolsVersion = 16.2;
					};
					EF6E74892D9DF3C2000952DD = {
						CreatedOnToolsVersion = 16.2;
						TestTargetID = EF6E74782D9DF3C0000952DD;
					};
					EF6E74932D9DF3C2000952DD = {
						CreatedOnToolsVersion = 16.2;
						TestTargetID = EF6E74782D9DF3C0000952DD;
					};
					EFF314812D9DF786007C74E4 = {
						CreatedOnToolsVersion = 16.2;
					};
					EFF314902D9DF789007C74E4 = {
						CreatedOnToolsVersion = 16.2;
						TestTargetID = EFF314812D9DF786007C74E4;
					};
					EFF3149A2D9DF789007C74E4 = {
						CreatedOnToolsVersion = 16.2;
						TestTargetID = EFF314812D9DF786007C74E4;
					};
				};
			};
			buildConfigurationList = EF6E74742D9DF3C0000952DD /* Build configuration list for PBXProject "SimpleBonjourExample" */;
			developmentRegion = en;
			hasScannedForEncodings = 0;
			knownRegions = (
				en,
				Base,
			);
			mainGroup = EF6E74702D9DF3C0000952DD;
			minimizedProjectReferenceProxies = 1;
			preferredProjectObjectVersion = 77;
			productRefGroup = EF6E747A2D9DF3C0000952DD /* Products */;
			projectDirPath = "";
			projectRoot = "";
			targets = (
				EF6E74782D9DF3C0000952DD /* SimpleBonjourExample */,
				EF6E74892D9DF3C2000952DD /* SimpleBonjourExampleTests */,
				EF6E74932D9DF3C2000952DD /* SimpleBonjourExampleUITests */,
				EFF314812D9DF786007C74E4 /* iOSDiscoveryApp */,
				EFF314902D9DF789007C74E4 /* iOSDiscoveryAppTests */,
				EFF3149A2D9DF789007C74E4 /* iOSDiscoveryAppUITests */,
			);
		};
/* End PBXProject section */

/* Begin PBXResourcesBuildPhase section */
		EF6E74772D9DF3C0000952DD /* Resources */ = {
			isa = PBXResourcesBuildPhase;
			buildActionMask = 2147483647;
			files = (
			);
			runOnlyForDeploymentPostprocessing = 0;
		};
		EF6E74882D9DF3C2000952DD /* Resources */ = {
			isa = PBXResourcesBuildPhase;
			buildActionMask = 2147483647;
			files = (
			);
			runOnlyForDeploymentPostprocessing = 0;
		};
		EF6E74922D9DF3C2000952DD /* Resources */ = {
			isa = PBXResourcesBuildPhase;
			buildActionMask = 2147483647;
			files = (
			);
			runOnlyForDeploymentPostprocessing = 0;
		};
		EFF314802D9DF786007C74E4 /* Resources */ = {
			isa = PBXResourcesBuildPhase;
			buildActionMask = 2147483647;
			files = (
			);
			runOnlyForDeploymentPostprocessing = 0;
		};
		EFF3148F2D9DF789007C74E4 /* Resources */ = {
			isa = PBXResourcesBuildPhase;
			buildActionMask = 2147483647;
			files = (
			);
			runOnlyForDeploymentPostprocessing = 0;
		};
		EFF314992D9DF789007C74E4 /* Resources */ = {
			isa = PBXResourcesBuildPhase;
			buildActionMask = 2147483647;
			files = (
			);
			runOnlyForDeploymentPostprocessing = 0;
		};
/* End PBXResourcesBuildPhase section */

/* Begin PBXSourcesBuildPhase section */
		EF6E74752D9DF3C0000952DD /* Sources */ = {
			isa = PBXSourcesBuildPhase;
			buildActionMask = 2147483647;
			files = (
			);
			runOnlyForDeploymentPostprocessing = 0;
		};
		EF6E74862D9DF3C2000952DD /* Sources */ = {
			isa = PBXSourcesBuildPhase;
			buildActionMask = 2147483647;
			files = (
			);
			runOnlyForDeploymentPostprocessing = 0;
		};
		EF6E74902D9DF3C2000952DD /* Sources */ = {
			isa = PBXSourcesBuildPhase;
			buildActionMask = 2147483647;
			files = (
			);
			runOnlyForDeploymentPostprocessing = 0;
		};
		EFF3147E2D9DF786007C74E4 /* Sources */ = {
			isa = PBXSourcesBuildPhase;
			buildActionMask = 2147483647;
			files = (
			);
			runOnlyForDeploymentPostprocessing = 0;
		};
		EFF3148D2D9DF789007C74E4 /* Sources */ = {
			isa = PBXSourcesBuildPhase;
			buildActionMask = 2147483647;
			files = (
			);
			runOnlyForDeploymentPostprocessing = 0;
		};
		EFF314972D9DF789007C74E4 /* Sources */ = {
			isa = PBXSourcesBuildPhase;
			buildActionMask = 2147483647;
			files = (
			);
			runOnlyForDeploymentPostprocessing = 0;
		};
/* End PBXSourcesBuildPhase section */

/* Begin PBXTargetDependency section */
		EF6E748C2D9DF3C2000952DD /* PBXTargetDependency */ = {
			isa = PBXTargetDependency;
			target = EF6E74782D9DF3C0000952DD /* SimpleBonjourExample */;
			targetProxy = EF6E748B2D9DF3C2000952DD /* PBXContainerItemProxy */;
		};
		EF6E74962D9DF3C2000952DD /* PBXTargetDependency */ = {
			isa = PBXTargetDependency;
			target = EF6E74782D9DF3C0000952DD /* SimpleBonjourExample */;
			targetProxy = EF6E74952D9DF3C2000952DD /* PBXContainerItemProxy */;
		};
		EFF314932D9DF789007C74E4 /* PBXTargetDependency */ = {
			isa = PBXTargetDependency;
			target = EFF314812D9DF786007C74E4 /* iOSDiscoveryApp */;
			targetProxy = EFF314922D9DF789007C74E4 /* PBXContainerItemProxy */;
		};
		EFF3149D2D9DF789007C74E4 /* PBXTargetDependency */ = {
			isa = PBXTargetDependency;
			target = EFF314812D9DF786007C74E4 /* iOSDiscoveryApp */;
			targetProxy = EFF3149C2D9DF789007C74E4 /* PBXContainerItemProxy */;
		};
/* End PBXTargetDependency section */

/* Begin XCBuildConfiguration section */
		EF6E749C2D9DF3C3000952DD /* Debug */ = {
			isa = XCBuildConfiguration;
			buildSettings = {
				ALWAYS_SEARCH_USER_PATHS = NO;
				ASSETCATALOG_COMPILER_GENERATE_SWIFT_ASSET_SYMBOL_EXTENSIONS = YES;
				CLANG_ANALYZER_NONNULL = YES;
				CLANG_ANALYZER_NUMBER_OBJECT_CONVERSION = YES_AGGRESSIVE;
				CLANG_CXX_LANGUAGE_STANDARD = "gnu++20";
				CLANG_ENABLE_MODULES = YES;
				CLANG_ENABLE_OBJC_ARC = YES;
				CLANG_ENABLE_OBJC_WEAK = YES;
				CLANG_WARN_BLOCK_CAPTURE_AUTORELEASING = YES;
				CLANG_WARN_BOOL_CONVERSION = YES;
				CLANG_WARN_COMMA = YES;
				CLANG_WARN_CONSTANT_CONVERSION = YES;
				CLANG_WARN_DEPRECATED_OBJC_IMPLEMENTATIONS = YES;
				CLANG_WARN_DIRECT_OBJC_ISA_USAGE = YES_ERROR;
				CLANG_WARN_DOCUMENTATION_COMMENTS = YES;
				CLANG_WARN_EMPTY_BODY = YES;
				CLANG_WARN_ENUM_CONVERSION = YES;
				CLANG_WARN_INFINITE_RECURSION = YES;
				CLANG_WARN_INT_CONVERSION = YES;
				CLANG_WARN_NON_LITERAL_NULL_CONVERSION = YES;
				CLANG_WARN_OBJC_IMPLICIT_RETAIN_SELF = YES;
				CLANG_WARN_OBJC_LITERAL_CONVERSION = YES;
				CLANG_WARN_OBJC_ROOT_CLASS = YES_ERROR;
				CLANG_WARN_QUOTED_INCLUDE_IN_FRAMEWORK_HEADER = YES;
				CLANG_WARN_RANGE_LOOP_ANALYSIS = YES;
				CLANG_WARN_STRICT_PROTOTYPES = YES;
				CLANG_WARN_SUSPICIOUS_MOVE = YES;
				CLANG_WARN_UNGUARDED_AVAILABILITY = YES_AGGRESSIVE;
				CLANG_WARN_UNREACHABLE_CODE = YES;
				CLANG_WARN__DUPLICATE_METHOD_MATCH = YES;
				COPY_PHASE_STRIP = NO;
				DEBUG_INFORMATION_FORMAT = dwarf;
				ENABLE_STRICT_OBJC_MSGSEND = YES;
				ENABLE_TESTABILITY = YES;
				ENABLE_USER_SCRIPT_SANDBOXING = YES;
				GCC_C_LANGUAGE_STANDARD = gnu17;
				GCC_DYNAMIC_NO_PIC = NO;
				GCC_NO_COMMON_BLOCKS = YES;
				GCC_OPTIMIZATION_LEVEL = 0;
				GCC_PREPROCESSOR_DEFINITIONS = (
					"DEBUG=1",
					"$(inherited)",
				);
				GCC_WARN_64_TO_32_BIT_CONVERSION = YES;
				GCC_WARN_ABOUT_RETURN_TYPE = YES_ERROR;
				GCC_WARN_UNDECLARED_SELECTOR = YES;
				GCC_WARN_UNINITIALIZED_AUTOS = YES_AGGRESSIVE;
				GCC_WARN_UNUSED_FUNCTION = YES;
				GCC_WARN_UNUSED_VARIABLE = YES;
				LOCALIZATION_PREFERS_STRING_CATALOGS = YES;
				MTL_ENABLE_DEBUG_INFO = INCLUDE_SOURCE;
				MTL_FAST_MATH = YES;
				ONLY_ACTIVE_ARCH = YES;
				SWIFT_ACTIVE_COMPILATION_CONDITIONS = "DEBUG $(inherited)";
				SWIFT_OPTIMIZATION_LEVEL = "-Onone";
			};
			name = Debug;
		};
		EF6E749D2D9DF3C3000952DD /* Release */ = {
			isa = XCBuildConfiguration;
			buildSettings = {
				ALWAYS_SEARCH_USER_PATHS = NO;
				ASSETCATALOG_COMPILER_GENERATE_SWIFT_ASSET_SYMBOL_EXTENSIONS = YES;
				CLANG_ANALYZER_NONNULL = YES;
				CLANG_ANALYZER_NUMBER_OBJECT_CONVERSION = YES_AGGRESSIVE;
				CLANG_CXX_LANGUAGE_STANDARD = "gnu++20";
				CLANG_ENABLE_MODULES = YES;
				CLANG_ENABLE_OBJC_ARC = YES;
				CLANG_ENABLE_OBJC_WEAK = YES;
				CLANG_WARN_BLOCK_CAPTURE_AUTORELEASING = YES;
				CLANG_WARN_BOOL_CONVERSION = YES;
				CLANG_WARN_COMMA = YES;
				CLANG_WARN_CONSTANT_CONVERSION = YES;
				CLANG_WARN_DEPRECATED_OBJC_IMPLEMENTATIONS = YES;
				CLANG_WARN_DIRECT_OBJC_ISA_USAGE = YES_ERROR;
				CLANG_WARN_DOCUMENTATION_COMMENTS = YES;
				CLANG_WARN_EMPTY_BODY = YES;
				CLANG_WARN_ENUM_CONVERSION = YES;
				CLANG_WARN_INFINITE_RECURSION = YES;
				CLANG_WARN_INT_CONVERSION = YES;
				CLANG_WARN_NON_LITERAL_NULL_CONVERSION = YES;
				CLANG_WARN_OBJC_IMPLICIT_RETAIN_SELF = YES;
				CLANG_WARN_OBJC_LITERAL_CONVERSION = YES;
				CLANG_WARN_OBJC_ROOT_CLASS = YES_ERROR;
				CLANG_WARN_QUOTED_INCLUDE_IN_FRAMEWORK_HEADER = YES;
				CLANG_WARN_RANGE_LOOP_ANALYSIS = YES;
				CLANG_WARN_STRICT_PROTOTYPES = YES;
				CLANG_WARN_SUSPICIOUS_MOVE = YES;
				CLANG_WARN_UNGUARDED_AVAILABILITY = YES_AGGRESSIVE;
				CLANG_WARN_UNREACHABLE_CODE = YES;
				CLANG_WARN__DUPLICATE_METHOD_MATCH = YES;
				COPY_PHASE_STRIP = NO;
				DEBUG_INFORMATION_FORMAT = "dwarf-with-dsym";
				ENABLE_NS_ASSERTIONS = NO;
				ENABLE_STRICT_OBJC_MSGSEND = YES;
				ENABLE_USER_SCRIPT_SANDBOXING = YES;
				GCC_C_LANGUAGE_STANDARD = gnu17;
				GCC_NO_COMMON_BLOCKS = YES;
				GCC_WARN_64_TO_32_BIT_CONVERSION = YES;
				GCC_WARN_ABOUT_RETURN_TYPE = YES_ERROR;
				GCC_WARN_UNDECLARED_SELECTOR = YES;
				GCC_WARN_UNINITIALIZED_AUTOS = YES_AGGRESSIVE;
				GCC_WARN_UNUSED_FUNCTION = YES;
				GCC_WARN_UNUSED_VARIABLE = YES;
				LOCALIZATION_PREFERS_STRING_CATALOGS = YES;
				MTL_ENABLE_DEBUG_INFO = NO;
				MTL_FAST_MATH = YES;
				SWIFT_COMPILATION_MODE = wholemodule;
			};
			name = Release;
		};
		EF6E749F2D9DF3C3000952DD /* Debug */ = {
			isa = XCBuildConfiguration;
			buildSettings = {
				ASSETCATALOG_COMPILER_APPICON_NAME = AppIcon;
				ASSETCATALOG_COMPILER_GLOBAL_ACCENT_COLOR_NAME = AccentColor;
				CODE_SIGN_ENTITLEMENTS = SimpleBonjourExample/SimpleBonjourExample.entitlements;
				CODE_SIGN_STYLE = Automatic;
				CURRENT_PROJECT_VERSION = 1;
				DEVELOPMENT_ASSET_PATHS = "\"SimpleBonjourExample/Preview Content\"";
				DEVELOPMENT_TEAM = 22AN94F85A;
				ENABLE_HARDENED_RUNTIME = YES;
				ENABLE_PREVIEWS = YES;
				GENERATE_INFOPLIST_FILE = YES;
				"INFOPLIST_KEY_UIApplicationSceneManifest_Generation[sdk=iphoneos*]" = YES;
				"INFOPLIST_KEY_UIApplicationSceneManifest_Generation[sdk=iphonesimulator*]" = YES;
				"INFOPLIST_KEY_UIApplicationSupportsIndirectInputEvents[sdk=iphoneos*]" = YES;
				"INFOPLIST_KEY_UIApplicationSupportsIndirectInputEvents[sdk=iphonesimulator*]" = YES;
				"INFOPLIST_KEY_UILaunchScreen_Generation[sdk=iphoneos*]" = YES;
				"INFOPLIST_KEY_UILaunchScreen_Generation[sdk=iphonesimulator*]" = YES;
				"INFOPLIST_KEY_UIStatusBarStyle[sdk=iphoneos*]" = UIStatusBarStyleDefault;
				"INFOPLIST_KEY_UIStatusBarStyle[sdk=iphonesimulator*]" = UIStatusBarStyleDefault;
				INFOPLIST_KEY_UISupportedInterfaceOrientations_iPad = "UIInterfaceOrientationPortrait UIInterfaceOrientationPortraitUpsideDown UIInterfaceOrientationLandscapeLeft UIInterfaceOrientationLandscapeRight";
				INFOPLIST_KEY_UISupportedInterfaceOrientations_iPhone = "UIInterfaceOrientationPortrait UIInterfaceOrientationLandscapeLeft UIInterfaceOrientationLandscapeRight";
				IPHONEOS_DEPLOYMENT_TARGET = 18.2;
				LD_RUNPATH_SEARCH_PATHS = "@executable_path/Frameworks";
				"LD_RUNPATH_SEARCH_PATHS[sdk=macosx*]" = "@executable_path/../Frameworks";
				MACOSX_DEPLOYMENT_TARGET = 15.2;
				MARKETING_VERSION = 1.0;
				PRODUCT_BUNDLE_IDENTIFIER = com.debug.SimpleBonjourExample;
				PRODUCT_NAME = "$(TARGET_NAME)";
				SDKROOT = auto;
				SUPPORTED_PLATFORMS = macosx;
				SUPPORTS_MACCATALYST = NO;
				SWIFT_EMIT_LOC_STRINGS = YES;
				SWIFT_VERSION = 5.0;
				XROS_DEPLOYMENT_TARGET = 2.2;
			};
			name = Debug;
		};
		EF6E74A02D9DF3C3000952DD /* Release */ = {
			isa = XCBuildConfiguration;
			buildSettings = {
				ASSETCATALOG_COMPILER_APPICON_NAME = AppIcon;
				ASSETCATALOG_COMPILER_GLOBAL_ACCENT_COLOR_NAME = AccentColor;
				CODE_SIGN_ENTITLEMENTS = SimpleBonjourExample/SimpleBonjourExample.entitlements;
				CODE_SIGN_STYLE = Automatic;
				CURRENT_PROJECT_VERSION = 1;
				DEVELOPMENT_ASSET_PATHS = "\"SimpleBonjourExample/Preview Content\"";
				DEVELOPMENT_TEAM = 22AN94F85A;
				ENABLE_HARDENED_RUNTIME = YES;
				ENABLE_PREVIEWS = YES;
				GENERATE_INFOPLIST_FILE = YES;
				"INFOPLIST_KEY_UIApplicationSceneManifest_Generation[sdk=iphoneos*]" = YES;
				"INFOPLIST_KEY_UIApplicationSceneManifest_Generation[sdk=iphonesimulator*]" = YES;
				"INFOPLIST_KEY_UIApplicationSupportsIndirectInputEvents[sdk=iphoneos*]" = YES;
				"INFOPLIST_KEY_UIApplicationSupportsIndirectInputEvents[sdk=iphonesimulator*]" = YES;
				"INFOPLIST_KEY_UILaunchScreen_Generation[sdk=iphoneos*]" = YES;
				"INFOPLIST_KEY_UILaunchScreen_Generation[sdk=iphonesimulator*]" = YES;
				"INFOPLIST_KEY_UIStatusBarStyle[sdk=iphoneos*]" = UIStatusBarStyleDefault;
				"INFOPLIST_KEY_UIStatusBarStyle[sdk=iphonesimulator*]" = UIStatusBarStyleDefault;
				INFOPLIST_KEY_UISupportedInterfaceOrientations_iPad = "UIInterfaceOrientationPortrait UIInterfaceOrientationPortraitUpsideDown UIInterfaceOrientationLandscapeLeft UIInterfaceOrientationLandscapeRight";
				INFOPLIST_KEY_UISupportedInterfaceOrientations_iPhone = "UIInterfaceOrientationPortrait UIInterfaceOrientationLandscapeLeft UIInterfaceOrientationLandscapeRight";
				IPHONEOS_DEPLOYMENT_TARGET = 18.2;
				LD_RUNPATH_SEARCH_PATHS = "@executable_path/Frameworks";
				"LD_RUNPATH_SEARCH_PATHS[sdk=macosx*]" = "@executable_path/../Frameworks";
				MACOSX_DEPLOYMENT_TARGET = 15.2;
				MARKETING_VERSION = 1.0;
				PRODUCT_BUNDLE_IDENTIFIER = com.debug.SimpleBonjourExample;
				PRODUCT_NAME = "$(TARGET_NAME)";
				SDKROOT = auto;
				SUPPORTED_PLATFORMS = macosx;
				SUPPORTS_MACCATALYST = NO;
				SWIFT_EMIT_LOC_STRINGS = YES;
				SWIFT_VERSION = 5.0;
				XROS_DEPLOYMENT_TARGET = 2.2;
			};
			name = Release;
		};
		EF6E74A22D9DF3C3000952DD /* Debug */ = {
			isa = XCBuildConfiguration;
			buildSettings = {
				BUNDLE_LOADER = "$(TEST_HOST)";
				CODE_SIGN_STYLE = Automatic;
				CURRENT_PROJECT_VERSION = 1;
				DEVELOPMENT_TEAM = 22AN94F85A;
				GENERATE_INFOPLIST_FILE = YES;
				IPHONEOS_DEPLOYMENT_TARGET = 18.2;
				MACOSX_DEPLOYMENT_TARGET = 15.2;
				MARKETING_VERSION = 1.0;
				PRODUCT_BUNDLE_IDENTIFIER = com.debug.SimpleBonjourExampleTests;
				PRODUCT_NAME = "$(TARGET_NAME)";
				SDKROOT = auto;
				SUPPORTED_PLATFORMS = "iphoneos iphonesimulator macosx xros xrsimulator";
				SWIFT_EMIT_LOC_STRINGS = NO;
				SWIFT_VERSION = 5.0;
				TARGETED_DEVICE_FAMILY = "1,2,7";
				TEST_HOST = "$(BUILT_PRODUCTS_DIR)/SimpleBonjourExample.app/$(BUNDLE_EXECUTABLE_FOLDER_PATH)/SimpleBonjourExample";
				XROS_DEPLOYMENT_TARGET = 2.2;
			};
			name = Debug;
		};
		EF6E74A32D9DF3C3000952DD /* Release */ = {
			isa = XCBuildConfiguration;
			buildSettings = {
				BUNDLE_LOADER = "$(TEST_HOST)";
				CODE_SIGN_STYLE = Automatic;
				CURRENT_PROJECT_VERSION = 1;
				DEVELOPMENT_TEAM = 22AN94F85A;
				GENERATE_INFOPLIST_FILE = YES;
				IPHONEOS_DEPLOYMENT_TARGET = 18.2;
				MACOSX_DEPLOYMENT_TARGET = 15.2;
				MARKETING_VERSION = 1.0;
				PRODUCT_BUNDLE_IDENTIFIER = com.debug.SimpleBonjourExampleTests;
				PRODUCT_NAME = "$(TARGET_NAME)";
				SDKROOT = auto;
				SUPPORTED_PLATFORMS = "iphoneos iphonesimulator macosx xros xrsimulator";
				SWIFT_EMIT_LOC_STRINGS = NO;
				SWIFT_VERSION = 5.0;
				TARGETED_DEVICE_FAMILY = "1,2,7";
				TEST_HOST = "$(BUILT_PRODUCTS_DIR)/SimpleBonjourExample.app/$(BUNDLE_EXECUTABLE_FOLDER_PATH)/SimpleBonjourExample";
				XROS_DEPLOYMENT_TARGET = 2.2;
			};
			name = Release;
		};
		EF6E74A52D9DF3C3000952DD /* Debug */ = {
			isa = XCBuildConfiguration;
			buildSettings = {
				CODE_SIGN_STYLE = Automatic;
				CURRENT_PROJECT_VERSION = 1;
				DEVELOPMENT_TEAM = 22AN94F85A;
				GENERATE_INFOPLIST_FILE = YES;
				IPHONEOS_DEPLOYMENT_TARGET = 18.2;
				MACOSX_DEPLOYMENT_TARGET = 15.2;
				MARKETING_VERSION = 1.0;
				PRODUCT_BUNDLE_IDENTIFIER = com.debug.SimpleBonjourExampleUITests;
				PRODUCT_NAME = "$(TARGET_NAME)";
				SDKROOT = auto;
				SUPPORTED_PLATFORMS = "iphoneos iphonesimulator macosx xros xrsimulator";
				SWIFT_EMIT_LOC_STRINGS = NO;
				SWIFT_VERSION = 5.0;
				TARGETED_DEVICE_FAMILY = "1,2,7";
				TEST_TARGET_NAME = SimpleBonjourExample;
				XROS_DEPLOYMENT_TARGET = 2.2;
			};
			name = Debug;
		};
		EF6E74A62D9DF3C3000952DD /* Release */ = {
			isa = XCBuildConfiguration;
			buildSettings = {
				CODE_SIGN_STYLE = Automatic;
				CURRENT_PROJECT_VERSION = 1;
				DEVELOPMENT_TEAM = 22AN94F85A;
				GENERATE_INFOPLIST_FILE = YES;
				IPHONEOS_DEPLOYMENT_TARGET = 18.2;
				MACOSX_DEPLOYMENT_TARGET = 15.2;
				MARKETING_VERSION = 1.0;
				PRODUCT_BUNDLE_IDENTIFIER = com.debug.SimpleBonjourExampleUITests;
				PRODUCT_NAME = "$(TARGET_NAME)";
				SDKROOT = auto;
				SUPPORTED_PLATFORMS = "iphoneos iphonesimulator macosx xros xrsimulator";
				SWIFT_EMIT_LOC_STRINGS = NO;
				SWIFT_VERSION = 5.0;
				TARGETED_DEVICE_FAMILY = "1,2,7";
				TEST_TARGET_NAME = SimpleBonjourExample;
				XROS_DEPLOYMENT_TARGET = 2.2;
			};
			name = Release;
		};
		EFF314A42D9DF789007C74E4 /* Debug */ = {
			isa = XCBuildConfiguration;
			buildSettings = {
				ASSETCATALOG_COMPILER_APPICON_NAME = AppIcon;
				ASSETCATALOG_COMPILER_GLOBAL_ACCENT_COLOR_NAME = AccentColor;
				CODE_SIGN_STYLE = Automatic;
				CURRENT_PROJECT_VERSION = 1;
				DEVELOPMENT_ASSET_PATHS = "\"iOSDiscoveryApp/Preview Content\"";
				DEVELOPMENT_TEAM = 22AN94F85A;
				ENABLE_PREVIEWS = YES;
				GENERATE_INFOPLIST_FILE = YES;
				INFOPLIST_KEY_UIApplicationSceneManifest_Generation = YES;
				INFOPLIST_KEY_UIApplicationSupportsIndirectInputEvents = YES;
				INFOPLIST_KEY_UILaunchScreen_Generation = YES;
				INFOPLIST_KEY_UISupportedInterfaceOrientations_iPad = "UIInterfaceOrientationPortrait UIInterfaceOrientationPortraitUpsideDown UIInterfaceOrientationLandscapeLeft UIInterfaceOrientationLandscapeRight";
				INFOPLIST_KEY_UISupportedInterfaceOrientations_iPhone = "UIInterfaceOrientationPortrait UIInterfaceOrientationLandscapeLeft UIInterfaceOrientationLandscapeRight";
				IPHONEOS_DEPLOYMENT_TARGET = 18.2;
				LD_RUNPATH_SEARCH_PATHS = (
					"$(inherited)",
					"@executable_path/Frameworks",
				);
				MARKETING_VERSION = 1.0;
				PRODUCT_BUNDLE_IDENTIFIER = com.debug.iOSDiscoveryApp;
				PRODUCT_NAME = "$(TARGET_NAME)";
				SDKROOT = iphoneos;
				SUPPORTED_PLATFORMS = "iphoneos iphonesimulator";
				SUPPORTS_MACCATALYST = NO;
				SUPPORTS_MAC_DESIGNED_FOR_IPHONE_IPAD = NO;
				SUPPORTS_XR_DESIGNED_FOR_IPHONE_IPAD = NO;
				SWIFT_EMIT_LOC_STRINGS = YES;
				SWIFT_VERSION = 5.0;
				TARGETED_DEVICE_FAMILY = 1;
			};
			name = Debug;
		};
		EFF314A52D9DF789007C74E4 /* Release */ = {
			isa = XCBuildConfiguration;
			buildSettings = {
				ASSETCATALOG_COMPILER_APPICON_NAME = AppIcon;
				ASSETCATALOG_COMPILER_GLOBAL_ACCENT_COLOR_NAME = AccentColor;
				CODE_SIGN_STYLE = Automatic;
				CURRENT_PROJECT_VERSION = 1;
				DEVELOPMENT_ASSET_PATHS = "\"iOSDiscoveryApp/Preview Content\"";
				DEVELOPMENT_TEAM = 22AN94F85A;
				ENABLE_PREVIEWS = YES;
				GENERATE_INFOPLIST_FILE = YES;
				INFOPLIST_KEY_UIApplicationSceneManifest_Generation = YES;
				INFOPLIST_KEY_UIApplicationSupportsIndirectInputEvents = YES;
				INFOPLIST_KEY_UILaunchScreen_Generation = YES;
				INFOPLIST_KEY_UISupportedInterfaceOrientations_iPad = "UIInterfaceOrientationPortrait UIInterfaceOrientationPortraitUpsideDown UIInterfaceOrientationLandscapeLeft UIInterfaceOrientationLandscapeRight";
				INFOPLIST_KEY_UISupportedInterfaceOrientations_iPhone = "UIInterfaceOrientationPortrait UIInterfaceOrientationLandscapeLeft UIInterfaceOrientationLandscapeRight";
				IPHONEOS_DEPLOYMENT_TARGET = 18.2;
				LD_RUNPATH_SEARCH_PATHS = (
					"$(inherited)",
					"@executable_path/Frameworks",
				);
				MARKETING_VERSION = 1.0;
				PRODUCT_BUNDLE_IDENTIFIER = com.debug.iOSDiscoveryApp;
				PRODUCT_NAME = "$(TARGET_NAME)";
				SDKROOT = iphoneos;
				SUPPORTED_PLATFORMS = "iphoneos iphonesimulator";
				SUPPORTS_MACCATALYST = NO;
				SUPPORTS_MAC_DESIGNED_FOR_IPHONE_IPAD = NO;
				SUPPORTS_XR_DESIGNED_FOR_IPHONE_IPAD = NO;
				SWIFT_EMIT_LOC_STRINGS = YES;
				SWIFT_VERSION = 5.0;
				TARGETED_DEVICE_FAMILY = 1;
				VALIDATE_PRODUCT = YES;
			};
			name = Release;
		};
		EFF314A72D9DF789007C74E4 /* Debug */ = {
			isa = XCBuildConfiguration;
			buildSettings = {
				BUNDLE_LOADER = "$(TEST_HOST)";
				CODE_SIGN_STYLE = Automatic;
				CURRENT_PROJECT_VERSION = 1;
				DEVELOPMENT_TEAM = 22AN94F85A;
				GENERATE_INFOPLIST_FILE = YES;
				IPHONEOS_DEPLOYMENT_TARGET = 18.2;
				MARKETING_VERSION = 1.0;
				PRODUCT_BUNDLE_IDENTIFIER = com.debug.iOSDiscoveryAppTests;
				PRODUCT_NAME = "$(TARGET_NAME)";
				SDKROOT = iphoneos;
				SWIFT_EMIT_LOC_STRINGS = NO;
				SWIFT_VERSION = 5.0;
				TARGETED_DEVICE_FAMILY = "1,2";
				TEST_HOST = "$(BUILT_PRODUCTS_DIR)/iOSDiscoveryApp.app/$(BUNDLE_EXECUTABLE_FOLDER_PATH)/iOSDiscoveryApp";
			};
			name = Debug;
		};
		EFF314A82D9DF789007C74E4 /* Release */ = {
			isa = XCBuildConfiguration;
			buildSettings = {
				BUNDLE_LOADER = "$(TEST_HOST)";
				CODE_SIGN_STYLE = Automatic;
				CURRENT_PROJECT_VERSION = 1;
				DEVELOPMENT_TEAM = 22AN94F85A;
				GENERATE_INFOPLIST_FILE = YES;
				IPHONEOS_DEPLOYMENT_TARGET = 18.2;
				MARKETING_VERSION = 1.0;
				PRODUCT_BUNDLE_IDENTIFIER = com.debug.iOSDiscoveryAppTests;
				PRODUCT_NAME = "$(TARGET_NAME)";
				SDKROOT = iphoneos;
				SWIFT_EMIT_LOC_STRINGS = NO;
				SWIFT_VERSION = 5.0;
				TARGETED_DEVICE_FAMILY = "1,2";
				TEST_HOST = "$(BUILT_PRODUCTS_DIR)/iOSDiscoveryApp.app/$(BUNDLE_EXECUTABLE_FOLDER_PATH)/iOSDiscoveryApp";
				VALIDATE_PRODUCT = YES;
			};
			name = Release;
		};
		EFF314AA2D9DF789007C74E4 /* Debug */ = {
			isa = XCBuildConfiguration;
			buildSettings = {
				CODE_SIGN_STYLE = Automatic;
				CURRENT_PROJECT_VERSION = 1;
				DEVELOPMENT_TEAM = 22AN94F85A;
				GENERATE_INFOPLIST_FILE = YES;
				IPHONEOS_DEPLOYMENT_TARGET = 18.2;
				MARKETING_VERSION = 1.0;
				PRODUCT_BUNDLE_IDENTIFIER = com.debug.iOSDiscoveryAppUITests;
				PRODUCT_NAME = "$(TARGET_NAME)";
				SDKROOT = iphoneos;
				SWIFT_EMIT_LOC_STRINGS = NO;
				SWIFT_VERSION = 5.0;
				TARGETED_DEVICE_FAMILY = "1,2";
				TEST_TARGET_NAME = iOSDiscoveryApp;
			};
			name = Debug;
		};
		EFF314AB2D9DF789007C74E4 /* Release */ = {
			isa = XCBuildConfiguration;
			buildSettings = {
				CODE_SIGN_STYLE = Automatic;
				CURRENT_PROJECT_VERSION = 1;
				DEVELOPMENT_TEAM = 22AN94F85A;
				GENERATE_INFOPLIST_FILE = YES;
				IPHONEOS_DEPLOYMENT_TARGET = 18.2;
				MARKETING_VERSION = 1.0;
				PRODUCT_BUNDLE_IDENTIFIER = com.debug.iOSDiscoveryAppUITests;
				PRODUCT_NAME = "$(TARGET_NAME)";
				SDKROOT = iphoneos;
				SWIFT_EMIT_LOC_STRINGS = NO;
				SWIFT_VERSION = 5.0;
				TARGETED_DEVICE_FAMILY = "1,2";
				TEST_TARGET_NAME = iOSDiscoveryApp;
				VALIDATE_PRODUCT = YES;
			};
			name = Release;
		};
/* End XCBuildConfiguration section */

/* Begin XCConfigurationList section */
		EF6E74742D9DF3C0000952DD /* Build configuration list for PBXProject "SimpleBonjourExample" */ = {
			isa = XCConfigurationList;
			buildConfigurations = (
				EF6E749C2D9DF3C3000952DD /* Debug */,
				EF6E749D2D9DF3C3000952DD /* Release */,
			);
			defaultConfigurationIsVisible = 0;
			defaultConfigurationName = Release;
		};
		EF6E749E2D9DF3C3000952DD /* Build configuration list for PBXNativeTarget "SimpleBonjourExample" */ = {
			isa = XCConfigurationList;
			buildConfigurations = (
				EF6E749F2D9DF3C3000952DD /* Debug */,
				EF6E74A02D9DF3C3000952DD /* Release */,
			);
			defaultConfigurationIsVisible = 0;
			defaultConfigurationName = Release;
		};
		EF6E74A12D9DF3C3000952DD /* Build configuration list for PBXNativeTarget "SimpleBonjourExampleTests" */ = {
			isa = XCConfigurationList;
			buildConfigurations = (
				EF6E74A22D9DF3C3000952DD /* Debug */,
				EF6E74A32D9DF3C3000952DD /* Release */,
			);
			defaultConfigurationIsVisible = 0;
			defaultConfigurationName = Release;
		};
		EF6E74A42D9DF3C3000952DD /* Build configuration list for PBXNativeTarget "SimpleBonjourExampleUITests" */ = {
			isa = XCConfigurationList;
			buildConfigurations = (
				EF6E74A52D9DF3C3000952DD /* Debug */,
				EF6E74A62D9DF3C3000952DD /* Release */,
			);
			defaultConfigurationIsVisible = 0;
			defaultConfigurationName = Release;
		};
		EFF314A32D9DF789007C74E4 /* Build configuration list for PBXNativeTarget "iOSDiscoveryApp" */ = {
			isa = XCConfigurationList;
			buildConfigurations = (
				EFF314A42D9DF789007C74E4 /* Debug */,
				EFF314A52D9DF789007C74E4 /* Release */,
			);
			defaultConfigurationIsVisible = 0;
			defaultConfigurationName = Release;
		};
		EFF314A62D9DF789007C74E4 /* Build configuration list for PBXNativeTarget "iOSDiscoveryAppTests" */ = {
			isa = XCConfigurationList;
			buildConfigurations = (
				EFF314A72D9DF789007C74E4 /* Debug */,
				EFF314A82D9DF789007C74E4 /* Release */,
			);
			defaultConfigurationIsVisible = 0;
			defaultConfigurationName = Release;
		};
		EFF314A92D9DF789007C74E4 /* Build configuration list for PBXNativeTarget "iOSDiscoveryAppUITests" */ = {
			isa = XCConfigurationList;
			buildConfigurations = (
				EFF314AA2D9DF789007C74E4 /* Debug */,
				EFF314AB2D9DF789007C74E4 /* Release */,
			);
			defaultConfigurationIsVisible = 0;
			defaultConfigurationName = Release;
		};
/* End XCConfigurationList section */
	};
	rootObject = EF6E74712D9DF3C0000952DD /* Project object */;
}
